// !$*UTF8*$!
{
	archiveVersion = 1;
	classes = {
	};
	objectVersion = 50;
	objects = {

/* Begin PBXBuildFile section */
		97D73FD3EE4EFB78DF8369DA /* Pods_LandmarkRemark_LandmarkRemarkUITests.framework in Frameworks */ = {isa = PBXBuildFile; fileRef = AD3B8B7E46073C0868D6A169 /* Pods_LandmarkRemark_LandmarkRemarkUITests.framework */; };
		CB1B723C22BB086100B8542A /* LoginViewModel.swift in Sources */ = {isa = PBXBuildFile; fileRef = CB1B723B22BB086100B8542A /* LoginViewModel.swift */; };
		CB1B723E22BB087B00B8542A /* LoginViewModelTests.swift in Sources */ = {isa = PBXBuildFile; fileRef = CB1B723D22BB087B00B8542A /* LoginViewModelTests.swift */; };
		CB1B724422BB2DAA00B8542A /* SignupViewController.swift in Sources */ = {isa = PBXBuildFile; fileRef = CB1B724322BB2DAA00B8542A /* SignupViewController.swift */; };
		CB1B724622BB2E5300B8542A /* SignupViewControllerTests.swift in Sources */ = {isa = PBXBuildFile; fileRef = CB1B724522BB2E5300B8542A /* SignupViewControllerTests.swift */; };
		CB1B724822BB396800B8542A /* BaseTestCase.swift in Sources */ = {isa = PBXBuildFile; fileRef = CB1B724722BB396800B8542A /* BaseTestCase.swift */; };
		CB1B724A22BBB4C100B8542A /* SignupViewModel.swift in Sources */ = {isa = PBXBuildFile; fileRef = CB1B724922BBB4C100B8542A /* SignupViewModel.swift */; };
		CB1B724C22BBB4DE00B8542A /* SignupViewModelTests.swift in Sources */ = {isa = PBXBuildFile; fileRef = CB1B724B22BBB4DE00B8542A /* SignupViewModelTests.swift */; };
		CB1B724F22BBBB1200B8542A /* UITextField+extensions.swift in Sources */ = {isa = PBXBuildFile; fileRef = CB1B724E22BBBB1200B8542A /* UITextField+extensions.swift */; };
		CB8E0F1722BBC2B800BBB681 /* UITextFieldExtensionTests.swift in Sources */ = {isa = PBXBuildFile; fileRef = CB8E0F1622BBC2B800BBB681 /* UITextFieldExtensionTests.swift */; };
		CBCE1B6322BC908600B2F881 /* LandmarkViewController.swift in Sources */ = {isa = PBXBuildFile; fileRef = CBCE1B6222BC908600B2F881 /* LandmarkViewController.swift */; };
		CBCE1B6522BC909900B2F881 /* LandmarkViewControllerTests.swift in Sources */ = {isa = PBXBuildFile; fileRef = CBCE1B6422BC909900B2F881 /* LandmarkViewControllerTests.swift */; };
		CBD2D13322BC9F050031586E /* LandmarkMapViewController.swift in Sources */ = {isa = PBXBuildFile; fileRef = CBD2D13222BC9F050031586E /* LandmarkMapViewController.swift */; };
		CBD2D13722BCA1960031586E /* LandmarkMapViewControllerTests.swift in Sources */ = {isa = PBXBuildFile; fileRef = CBD2D13622BCA1960031586E /* LandmarkMapViewControllerTests.swift */; };
		CBF97CFC22B9F33300032EC8 /* AppDelegate.swift in Sources */ = {isa = PBXBuildFile; fileRef = CBF97CFB22B9F33300032EC8 /* AppDelegate.swift */; };
		CBF97D0122B9F33300032EC8 /* Main.storyboard in Resources */ = {isa = PBXBuildFile; fileRef = CBF97CFF22B9F33300032EC8 /* Main.storyboard */; };
		CBF97D0322B9F33400032EC8 /* Assets.xcassets in Resources */ = {isa = PBXBuildFile; fileRef = CBF97D0222B9F33400032EC8 /* Assets.xcassets */; };
		CBF97D0622B9F33400032EC8 /* LaunchScreen.storyboard in Resources */ = {isa = PBXBuildFile; fileRef = CBF97D0422B9F33400032EC8 /* LaunchScreen.storyboard */; };
		CBF97D1C22B9F33400032EC8 /* LandmarkRemarkUITests.swift in Sources */ = {isa = PBXBuildFile; fileRef = CBF97D1B22B9F33400032EC8 /* LandmarkRemarkUITests.swift */; };
		CBF97D2E22B9FAD800032EC8 /* GoogleService-Info.plist in Resources */ = {isa = PBXBuildFile; fileRef = CBF97D2D22B9FAD800032EC8 /* GoogleService-Info.plist */; };
		CBF97D3022B9FDE200032EC8 /* UserTests.swift in Sources */ = {isa = PBXBuildFile; fileRef = CBF97D2F22B9FDE200032EC8 /* UserTests.swift */; };
		CBF97D3322B9FE9A00032EC8 /* User.swift in Sources */ = {isa = PBXBuildFile; fileRef = CBF97D3222B9FE9A00032EC8 /* User.swift */; };
		CBF97D3622BA00BE00032EC8 /* LoginViewController.swift in Sources */ = {isa = PBXBuildFile; fileRef = CBF97D3522BA00BE00032EC8 /* LoginViewController.swift */; };
		CBF97D3822BA02A600032EC8 /* LoginViewControllerTests.swift in Sources */ = {isa = PBXBuildFile; fileRef = CBF97D3722BA02A600032EC8 /* LoginViewControllerTests.swift */; };
		D7FFDDB0123C9887BAC8455B /* Pods_LandmarkRemarkTests.framework in Frameworks */ = {isa = PBXBuildFile; fileRef = 0AEC200E1589D56BBD5B547E /* Pods_LandmarkRemarkTests.framework */; };
		F69FE160F6D38DBD40BFEDEF /* Pods_LandmarkRemark.framework in Frameworks */ = {isa = PBXBuildFile; fileRef = 5B04768A43C36AB2E256F3CD /* Pods_LandmarkRemark.framework */; };
/* End PBXBuildFile section */

/* Begin PBXContainerItemProxy section */
		CBF97D0D22B9F33400032EC8 /* PBXContainerItemProxy */ = {
			isa = PBXContainerItemProxy;
			containerPortal = CBF97CF022B9F33300032EC8 /* Project object */;
			proxyType = 1;
			remoteGlobalIDString = CBF97CF722B9F33300032EC8;
			remoteInfo = LandmarkRemark;
		};
		CBF97D1822B9F33400032EC8 /* PBXContainerItemProxy */ = {
			isa = PBXContainerItemProxy;
			containerPortal = CBF97CF022B9F33300032EC8 /* Project object */;
			proxyType = 1;
			remoteGlobalIDString = CBF97CF722B9F33300032EC8;
			remoteInfo = LandmarkRemark;
		};
/* End PBXContainerItemProxy section */

/* Begin PBXFileReference section */
		0AEC200E1589D56BBD5B547E /* Pods_LandmarkRemarkTests.framework */ = {isa = PBXFileReference; explicitFileType = wrapper.framework; includeInIndex = 0; path = Pods_LandmarkRemarkTests.framework; sourceTree = BUILT_PRODUCTS_DIR; };
		1249C53AEF549B55943E99A7 /* Pods-LandmarkRemark-LandmarkRemarkUITests.debug.xcconfig */ = {isa = PBXFileReference; includeInIndex = 1; lastKnownFileType = text.xcconfig; name = "Pods-LandmarkRemark-LandmarkRemarkUITests.debug.xcconfig"; path = "Target Support Files/Pods-LandmarkRemark-LandmarkRemarkUITests/Pods-LandmarkRemark-LandmarkRemarkUITests.debug.xcconfig"; sourceTree = "<group>"; };
		39406D15B70F0832F8962AF4 /* Pods-LandmarkRemark-LandmarkRemarkUITests.release.xcconfig */ = {isa = PBXFileReference; includeInIndex = 1; lastKnownFileType = text.xcconfig; name = "Pods-LandmarkRemark-LandmarkRemarkUITests.release.xcconfig"; path = "Target Support Files/Pods-LandmarkRemark-LandmarkRemarkUITests/Pods-LandmarkRemark-LandmarkRemarkUITests.release.xcconfig"; sourceTree = "<group>"; };
		51608CAE09BF90E95016E1FA /* Pods-LandmarkRemark.release.xcconfig */ = {isa = PBXFileReference; includeInIndex = 1; lastKnownFileType = text.xcconfig; name = "Pods-LandmarkRemark.release.xcconfig"; path = "Target Support Files/Pods-LandmarkRemark/Pods-LandmarkRemark.release.xcconfig"; sourceTree = "<group>"; };
		5B04768A43C36AB2E256F3CD /* Pods_LandmarkRemark.framework */ = {isa = PBXFileReference; explicitFileType = wrapper.framework; includeInIndex = 0; path = Pods_LandmarkRemark.framework; sourceTree = BUILT_PRODUCTS_DIR; };
		81F704F77F5920EA7C1EBD28 /* Pods-LandmarkRemark.debug.xcconfig */ = {isa = PBXFileReference; includeInIndex = 1; lastKnownFileType = text.xcconfig; name = "Pods-LandmarkRemark.debug.xcconfig"; path = "Target Support Files/Pods-LandmarkRemark/Pods-LandmarkRemark.debug.xcconfig"; sourceTree = "<group>"; };
		91ADE2DB4003E6B3ADFFC405 /* Pods-LandmarkRemarkTests.release.xcconfig */ = {isa = PBXFileReference; includeInIndex = 1; lastKnownFileType = text.xcconfig; name = "Pods-LandmarkRemarkTests.release.xcconfig"; path = "Target Support Files/Pods-LandmarkRemarkTests/Pods-LandmarkRemarkTests.release.xcconfig"; sourceTree = "<group>"; };
		AD3B8B7E46073C0868D6A169 /* Pods_LandmarkRemark_LandmarkRemarkUITests.framework */ = {isa = PBXFileReference; explicitFileType = wrapper.framework; includeInIndex = 0; path = Pods_LandmarkRemark_LandmarkRemarkUITests.framework; sourceTree = BUILT_PRODUCTS_DIR; };
		BF5A514A4D1F857000283B92 /* Pods-LandmarkRemarkTests.debug.xcconfig */ = {isa = PBXFileReference; includeInIndex = 1; lastKnownFileType = text.xcconfig; name = "Pods-LandmarkRemarkTests.debug.xcconfig"; path = "Target Support Files/Pods-LandmarkRemarkTests/Pods-LandmarkRemarkTests.debug.xcconfig"; sourceTree = "<group>"; };
		CB1B723B22BB086100B8542A /* LoginViewModel.swift */ = {isa = PBXFileReference; lastKnownFileType = sourcecode.swift; path = LoginViewModel.swift; sourceTree = "<group>"; };
		CB1B723D22BB087B00B8542A /* LoginViewModelTests.swift */ = {isa = PBXFileReference; lastKnownFileType = sourcecode.swift; path = LoginViewModelTests.swift; sourceTree = "<group>"; };
		CB1B724322BB2DAA00B8542A /* SignupViewController.swift */ = {isa = PBXFileReference; lastKnownFileType = sourcecode.swift; path = SignupViewController.swift; sourceTree = "<group>"; };
		CB1B724522BB2E5300B8542A /* SignupViewControllerTests.swift */ = {isa = PBXFileReference; lastKnownFileType = sourcecode.swift; path = SignupViewControllerTests.swift; sourceTree = "<group>"; };
		CB1B724722BB396800B8542A /* BaseTestCase.swift */ = {isa = PBXFileReference; lastKnownFileType = sourcecode.swift; path = BaseTestCase.swift; sourceTree = "<group>"; };
		CB1B724922BBB4C100B8542A /* SignupViewModel.swift */ = {isa = PBXFileReference; lastKnownFileType = sourcecode.swift; path = SignupViewModel.swift; sourceTree = "<group>"; };
		CB1B724B22BBB4DE00B8542A /* SignupViewModelTests.swift */ = {isa = PBXFileReference; lastKnownFileType = sourcecode.swift; path = SignupViewModelTests.swift; sourceTree = "<group>"; };
		CB1B724E22BBBB1200B8542A /* UITextField+extensions.swift */ = {isa = PBXFileReference; lastKnownFileType = sourcecode.swift; name = "UITextField+extensions.swift"; path = "../UITextField+extensions.swift"; sourceTree = "<group>"; };
		CB8E0F1622BBC2B800BBB681 /* UITextFieldExtensionTests.swift */ = {isa = PBXFileReference; lastKnownFileType = sourcecode.swift; path = UITextFieldExtensionTests.swift; sourceTree = "<group>"; };
		CBCE1B6222BC908600B2F881 /* LandmarkViewController.swift */ = {isa = PBXFileReference; lastKnownFileType = sourcecode.swift; path = LandmarkViewController.swift; sourceTree = "<group>"; };
		CBCE1B6422BC909900B2F881 /* LandmarkViewControllerTests.swift */ = {isa = PBXFileReference; lastKnownFileType = sourcecode.swift; path = LandmarkViewControllerTests.swift; sourceTree = "<group>"; };
		CBD2D13222BC9F050031586E /* LandmarkMapViewController.swift */ = {isa = PBXFileReference; lastKnownFileType = sourcecode.swift; path = LandmarkMapViewController.swift; sourceTree = "<group>"; };
		CBD2D13622BCA1960031586E /* LandmarkMapViewControllerTests.swift */ = {isa = PBXFileReference; lastKnownFileType = sourcecode.swift; path = LandmarkMapViewControllerTests.swift; sourceTree = "<group>"; };
		CBF97CF822B9F33300032EC8 /* LandmarkRemark.app */ = {isa = PBXFileReference; explicitFileType = wrapper.application; includeInIndex = 0; path = LandmarkRemark.app; sourceTree = BUILT_PRODUCTS_DIR; };
		CBF97CFB22B9F33300032EC8 /* AppDelegate.swift */ = {isa = PBXFileReference; lastKnownFileType = sourcecode.swift; path = AppDelegate.swift; sourceTree = "<group>"; };
		CBF97D0022B9F33300032EC8 /* Base */ = {isa = PBXFileReference; lastKnownFileType = file.storyboard; name = Base; path = Base.lproj/Main.storyboard; sourceTree = "<group>"; };
		CBF97D0222B9F33400032EC8 /* Assets.xcassets */ = {isa = PBXFileReference; lastKnownFileType = folder.assetcatalog; path = Assets.xcassets; sourceTree = "<group>"; };
		CBF97D0522B9F33400032EC8 /* Base */ = {isa = PBXFileReference; lastKnownFileType = file.storyboard; name = Base; path = Base.lproj/LaunchScreen.storyboard; sourceTree = "<group>"; };
		CBF97D0722B9F33400032EC8 /* Info.plist */ = {isa = PBXFileReference; lastKnownFileType = text.plist.xml; path = Info.plist; sourceTree = "<group>"; };
		CBF97D0C22B9F33400032EC8 /* LandmarkRemarkTests.xctest */ = {isa = PBXFileReference; explicitFileType = wrapper.cfbundle; includeInIndex = 0; path = LandmarkRemarkTests.xctest; sourceTree = BUILT_PRODUCTS_DIR; };
		CBF97D1222B9F33400032EC8 /* Info.plist */ = {isa = PBXFileReference; lastKnownFileType = text.plist.xml; path = Info.plist; sourceTree = "<group>"; };
		CBF97D1722B9F33400032EC8 /* LandmarkRemarkUITests.xctest */ = {isa = PBXFileReference; explicitFileType = wrapper.cfbundle; includeInIndex = 0; path = LandmarkRemarkUITests.xctest; sourceTree = BUILT_PRODUCTS_DIR; };
		CBF97D1B22B9F33400032EC8 /* LandmarkRemarkUITests.swift */ = {isa = PBXFileReference; lastKnownFileType = sourcecode.swift; path = LandmarkRemarkUITests.swift; sourceTree = "<group>"; };
		CBF97D1D22B9F33400032EC8 /* Info.plist */ = {isa = PBXFileReference; lastKnownFileType = text.plist.xml; path = Info.plist; sourceTree = "<group>"; };
		CBF97D2D22B9FAD800032EC8 /* GoogleService-Info.plist */ = {isa = PBXFileReference; fileEncoding = 4; lastKnownFileType = text.plist.xml; path = "GoogleService-Info.plist"; sourceTree = "<group>"; };
		CBF97D2F22B9FDE200032EC8 /* UserTests.swift */ = {isa = PBXFileReference; lastKnownFileType = sourcecode.swift; path = UserTests.swift; sourceTree = "<group>"; };
		CBF97D3222B9FE9A00032EC8 /* User.swift */ = {isa = PBXFileReference; lastKnownFileType = sourcecode.swift; path = User.swift; sourceTree = "<group>"; };
		CBF97D3522BA00BE00032EC8 /* LoginViewController.swift */ = {isa = PBXFileReference; lastKnownFileType = sourcecode.swift; path = LoginViewController.swift; sourceTree = "<group>"; };
		CBF97D3722BA02A600032EC8 /* LoginViewControllerTests.swift */ = {isa = PBXFileReference; lastKnownFileType = sourcecode.swift; path = LoginViewControllerTests.swift; sourceTree = "<group>"; };
/* End PBXFileReference section */

/* Begin PBXFrameworksBuildPhase section */
		CBF97CF522B9F33300032EC8 /* Frameworks */ = {
			isa = PBXFrameworksBuildPhase;
			buildActionMask = 2147483647;
			files = (
				F69FE160F6D38DBD40BFEDEF /* Pods_LandmarkRemark.framework in Frameworks */,
			);
			runOnlyForDeploymentPostprocessing = 0;
		};
		CBF97D0922B9F33400032EC8 /* Frameworks */ = {
			isa = PBXFrameworksBuildPhase;
			buildActionMask = 2147483647;
			files = (
				D7FFDDB0123C9887BAC8455B /* Pods_LandmarkRemarkTests.framework in Frameworks */,
			);
			runOnlyForDeploymentPostprocessing = 0;
		};
		CBF97D1422B9F33400032EC8 /* Frameworks */ = {
			isa = PBXFrameworksBuildPhase;
			buildActionMask = 2147483647;
			files = (
				97D73FD3EE4EFB78DF8369DA /* Pods_LandmarkRemark_LandmarkRemarkUITests.framework in Frameworks */,
			);
			runOnlyForDeploymentPostprocessing = 0;
		};
/* End PBXFrameworksBuildPhase section */

/* Begin PBXGroup section */
		072F29D83A4DDE89FB1B13B8 /* Pods */ = {
			isa = PBXGroup;
			children = (
				81F704F77F5920EA7C1EBD28 /* Pods-LandmarkRemark.debug.xcconfig */,
				51608CAE09BF90E95016E1FA /* Pods-LandmarkRemark.release.xcconfig */,
				1249C53AEF549B55943E99A7 /* Pods-LandmarkRemark-LandmarkRemarkUITests.debug.xcconfig */,
				39406D15B70F0832F8962AF4 /* Pods-LandmarkRemark-LandmarkRemarkUITests.release.xcconfig */,
				BF5A514A4D1F857000283B92 /* Pods-LandmarkRemarkTests.debug.xcconfig */,
				91ADE2DB4003E6B3ADFFC405 /* Pods-LandmarkRemarkTests.release.xcconfig */,
			);
			path = Pods;
			sourceTree = "<group>";
		};
		CB1B723F22BB2B4200B8542A /* Login */ = {
			isa = PBXGroup;
			children = (
				CBF97D3522BA00BE00032EC8 /* LoginViewController.swift */,
				CB1B723B22BB086100B8542A /* LoginViewModel.swift */,
			);
			path = Login;
			sourceTree = "<group>";
		};
		CB1B724022BB2B4D00B8542A /* Signup */ = {
			isa = PBXGroup;
			children = (
				CB1B724322BB2DAA00B8542A /* SignupViewController.swift */,
				CB1B724922BBB4C100B8542A /* SignupViewModel.swift */,
			);
			path = Signup;
			sourceTree = "<group>";
		};
		CB1B725022BBBB1700B8542A /* Extensions */ = {
			isa = PBXGroup;
			children = (
				CB1B724E22BBBB1200B8542A /* UITextField+extensions.swift */,
			);
			path = Extensions;
			sourceTree = "<group>";
		};
		CB8E0F1322BBC28200BBB681 /* ViewControllers */ = {
			isa = PBXGroup;
			children = (
				CBD2D13422BCA06F0031586E /* Login */,
				CBD2D13522BCA0780031586E /* Signup */,
				CBCE1B6422BC909900B2F881 /* LandmarkViewControllerTests.swift */,
				CBD2D13622BCA1960031586E /* LandmarkMapViewControllerTests.swift */,
			);
			path = ViewControllers;
			sourceTree = "<group>";
		};
		CB8E0F1422BBC28D00BBB681 /* Models */ = {
			isa = PBXGroup;
			children = (
				CBF97D2F22B9FDE200032EC8 /* UserTests.swift */,
			);
			path = Models;
			sourceTree = "<group>";
		};
		CB8E0F1522BBC29600BBB681 /* Extensions */ = {
			isa = PBXGroup;
			children = (
				CB8E0F1622BBC2B800BBB681 /* UITextFieldExtensionTests.swift */,
			);
			path = Extensions;
			sourceTree = "<group>";
		};
		CBCE1B6622BC91E800B2F881 /* Landmark */ = {
			isa = PBXGroup;
			children = (
				CBCE1B6222BC908600B2F881 /* LandmarkViewController.swift */,
				CBD2D13222BC9F050031586E /* LandmarkMapViewController.swift */,
			);
			path = Landmark;
			sourceTree = "<group>";
		};
		CBD2D13422BCA06F0031586E /* Login */ = {
			isa = PBXGroup;
			children = (
				CBF97D3722BA02A600032EC8 /* LoginViewControllerTests.swift */,
				CB1B723D22BB087B00B8542A /* LoginViewModelTests.swift */,
			);
			path = Login;
			sourceTree = "<group>";
		};
		CBD2D13522BCA0780031586E /* Signup */ = {
			isa = PBXGroup;
			children = (
				CB1B724522BB2E5300B8542A /* SignupViewControllerTests.swift */,
				CB1B724B22BBB4DE00B8542A /* SignupViewModelTests.swift */,
			);
			path = Signup;
			sourceTree = "<group>";
		};
		CBF97CEF22B9F33300032EC8 = {
			isa = PBXGroup;
			children = (
				CBF97CFA22B9F33300032EC8 /* LandmarkRemark */,
				CBF97D0F22B9F33400032EC8 /* LandmarkRemarkTests */,
				CBF97D1A22B9F33400032EC8 /* LandmarkRemarkUITests */,
				CBF97CF922B9F33300032EC8 /* Products */,
				072F29D83A4DDE89FB1B13B8 /* Pods */,
				ED567536762F74FE997EA170 /* Frameworks */,
			);
			sourceTree = "<group>";
		};
		CBF97CF922B9F33300032EC8 /* Products */ = {
			isa = PBXGroup;
			children = (
				CBF97CF822B9F33300032EC8 /* LandmarkRemark.app */,
				CBF97D0C22B9F33400032EC8 /* LandmarkRemarkTests.xctest */,
				CBF97D1722B9F33400032EC8 /* LandmarkRemarkUITests.xctest */,
			);
			name = Products;
			sourceTree = "<group>";
		};
		CBF97CFA22B9F33300032EC8 /* LandmarkRemark */ = {
			isa = PBXGroup;
			children = (
				CBF97D3422B9FFC800032EC8 /* ViewControllers */,
				CBF97D3122B9FE8E00032EC8 /* Models */,
				CBF97CFB22B9F33300032EC8 /* AppDelegate.swift */,
				CBF97CFF22B9F33300032EC8 /* Main.storyboard */,
				CBF97D0222B9F33400032EC8 /* Assets.xcassets */,
				CBF97D0422B9F33400032EC8 /* LaunchScreen.storyboard */,
				CBF97D0722B9F33400032EC8 /* Info.plist */,
				CBF97D2D22B9FAD800032EC8 /* GoogleService-Info.plist */,
				CB1B725022BBBB1700B8542A /* Extensions */,
			);
			path = LandmarkRemark;
			sourceTree = "<group>";
		};
		CBF97D0F22B9F33400032EC8 /* LandmarkRemarkTests */ = {
			isa = PBXGroup;
			children = (
				CB1B724722BB396800B8542A /* BaseTestCase.swift */,
				CB8E0F1522BBC29600BBB681 /* Extensions */,
				CB8E0F1422BBC28D00BBB681 /* Models */,
				CB8E0F1322BBC28200BBB681 /* ViewControllers */,
				CBF97D1222B9F33400032EC8 /* Info.plist */,
			);
			path = LandmarkRemarkTests;
			sourceTree = "<group>";
		};
		CBF97D1A22B9F33400032EC8 /* LandmarkRemarkUITests */ = {
			isa = PBXGroup;
			children = (
				CBF97D1B22B9F33400032EC8 /* LandmarkRemarkUITests.swift */,
				CBF97D1D22B9F33400032EC8 /* Info.plist */,
			);
			path = LandmarkRemarkUITests;
			sourceTree = "<group>";
		};
		CBF97D3122B9FE8E00032EC8 /* Models */ = {
			isa = PBXGroup;
			children = (
				CBF97D3222B9FE9A00032EC8 /* User.swift */,
			);
			path = Models;
			sourceTree = "<group>";
		};
		CBF97D3422B9FFC800032EC8 /* ViewControllers */ = {
			isa = PBXGroup;
			children = (
				CB1B724022BB2B4D00B8542A /* Signup */,
				CB1B723F22BB2B4200B8542A /* Login */,
				CBCE1B6622BC91E800B2F881 /* Landmark */,
			);
			path = ViewControllers;
			sourceTree = "<group>";
		};
		ED567536762F74FE997EA170 /* Frameworks */ = {
			isa = PBXGroup;
			children = (
				5B04768A43C36AB2E256F3CD /* Pods_LandmarkRemark.framework */,
				AD3B8B7E46073C0868D6A169 /* Pods_LandmarkRemark_LandmarkRemarkUITests.framework */,
				0AEC200E1589D56BBD5B547E /* Pods_LandmarkRemarkTests.framework */,
			);
			name = Frameworks;
			sourceTree = "<group>";
		};
/* End PBXGroup section */

/* Begin PBXNativeTarget section */
		CBF97CF722B9F33300032EC8 /* LandmarkRemark */ = {
			isa = PBXNativeTarget;
			buildConfigurationList = CBF97D2022B9F33400032EC8 /* Build configuration list for PBXNativeTarget "LandmarkRemark" */;
			buildPhases = (
				E72E7F54BCF39FDA20BAF9E6 /* [CP] Check Pods Manifest.lock */,
				CBF97CF422B9F33300032EC8 /* Sources */,
				CBF97CF522B9F33300032EC8 /* Frameworks */,
				CBF97CF622B9F33300032EC8 /* Resources */,
				CBF97D2922B9F4F900032EC8 /* SwiftLint to guard style */,
				EE8C7EDFAD168610C59935DB /* [CP] Embed Pods Frameworks */,
			);
			buildRules = (
			);
			dependencies = (
			);
			name = LandmarkRemark;
			productName = LandmarkRemark;
			productReference = CBF97CF822B9F33300032EC8 /* LandmarkRemark.app */;
			productType = "com.apple.product-type.application";
		};
		CBF97D0B22B9F33400032EC8 /* LandmarkRemarkTests */ = {
			isa = PBXNativeTarget;
			buildConfigurationList = CBF97D2322B9F33400032EC8 /* Build configuration list for PBXNativeTarget "LandmarkRemarkTests" */;
			buildPhases = (
				9BA79AF33DE6B7422B740CD6 /* [CP] Check Pods Manifest.lock */,
				CBF97D0822B9F33400032EC8 /* Sources */,
				CBF97D0922B9F33400032EC8 /* Frameworks */,
				CBF97D0A22B9F33400032EC8 /* Resources */,
			);
			buildRules = (
			);
			dependencies = (
				CBF97D0E22B9F33400032EC8 /* PBXTargetDependency */,
			);
			name = LandmarkRemarkTests;
			productName = LandmarkRemarkTests;
			productReference = CBF97D0C22B9F33400032EC8 /* LandmarkRemarkTests.xctest */;
			productType = "com.apple.product-type.bundle.unit-test";
		};
		CBF97D1622B9F33400032EC8 /* LandmarkRemarkUITests */ = {
			isa = PBXNativeTarget;
			buildConfigurationList = CBF97D2622B9F33400032EC8 /* Build configuration list for PBXNativeTarget "LandmarkRemarkUITests" */;
			buildPhases = (
				8FED4A107C02FAA878790862 /* [CP] Check Pods Manifest.lock */,
				CBF97D1322B9F33400032EC8 /* Sources */,
				CBF97D1422B9F33400032EC8 /* Frameworks */,
				CBF97D1522B9F33400032EC8 /* Resources */,
				7C8FF595E7296EBC9FF05D90 /* [CP] Embed Pods Frameworks */,
			);
			buildRules = (
			);
			dependencies = (
				CBF97D1922B9F33400032EC8 /* PBXTargetDependency */,
			);
			name = LandmarkRemarkUITests;
			productName = LandmarkRemarkUITests;
			productReference = CBF97D1722B9F33400032EC8 /* LandmarkRemarkUITests.xctest */;
			productType = "com.apple.product-type.bundle.ui-testing";
		};
/* End PBXNativeTarget section */

/* Begin PBXProject section */
		CBF97CF022B9F33300032EC8 /* Project object */ = {
			isa = PBXProject;
			attributes = {
				LastSwiftUpdateCheck = 1020;
				LastUpgradeCheck = 1020;
				ORGANIZATIONNAME = "Sai Tat Lam";
				TargetAttributes = {
					CBF97CF722B9F33300032EC8 = {
						CreatedOnToolsVersion = 10.2.1;
					};
					CBF97D0B22B9F33400032EC8 = {
						CreatedOnToolsVersion = 10.2.1;
						TestTargetID = CBF97CF722B9F33300032EC8;
					};
					CBF97D1622B9F33400032EC8 = {
						CreatedOnToolsVersion = 10.2.1;
						TestTargetID = CBF97CF722B9F33300032EC8;
					};
				};
			};
			buildConfigurationList = CBF97CF322B9F33300032EC8 /* Build configuration list for PBXProject "LandmarkRemark" */;
			compatibilityVersion = "Xcode 9.3";
			developmentRegion = en;
			hasScannedForEncodings = 0;
			knownRegions = (
				en,
				Base,
			);
			mainGroup = CBF97CEF22B9F33300032EC8;
			productRefGroup = CBF97CF922B9F33300032EC8 /* Products */;
			projectDirPath = "";
			projectRoot = "";
			targets = (
				CBF97CF722B9F33300032EC8 /* LandmarkRemark */,
				CBF97D0B22B9F33400032EC8 /* LandmarkRemarkTests */,
				CBF97D1622B9F33400032EC8 /* LandmarkRemarkUITests */,
			);
		};
/* End PBXProject section */

/* Begin PBXResourcesBuildPhase section */
		CBF97CF622B9F33300032EC8 /* Resources */ = {
			isa = PBXResourcesBuildPhase;
			buildActionMask = 2147483647;
			files = (
				CBF97D0622B9F33400032EC8 /* LaunchScreen.storyboard in Resources */,
				CBF97D2E22B9FAD800032EC8 /* GoogleService-Info.plist in Resources */,
				CBF97D0322B9F33400032EC8 /* Assets.xcassets in Resources */,
				CBF97D0122B9F33300032EC8 /* Main.storyboard in Resources */,
			);
			runOnlyForDeploymentPostprocessing = 0;
		};
		CBF97D0A22B9F33400032EC8 /* Resources */ = {
			isa = PBXResourcesBuildPhase;
			buildActionMask = 2147483647;
			files = (
			);
			runOnlyForDeploymentPostprocessing = 0;
		};
		CBF97D1522B9F33400032EC8 /* Resources */ = {
			isa = PBXResourcesBuildPhase;
			buildActionMask = 2147483647;
			files = (
			);
			runOnlyForDeploymentPostprocessing = 0;
		};
/* End PBXResourcesBuildPhase section */

/* Begin PBXShellScriptBuildPhase section */
		7C8FF595E7296EBC9FF05D90 /* [CP] Embed Pods Frameworks */ = {
			isa = PBXShellScriptBuildPhase;
			buildActionMask = 2147483647;
			files = (
			);
			inputFileListPaths = (
			);
			inputPaths = (
				"${PODS_ROOT}/Target Support Files/Pods-LandmarkRemark-LandmarkRemarkUITests/Pods-LandmarkRemark-LandmarkRemarkUITests-frameworks.sh",
				"${BUILT_PRODUCTS_DIR}/GTMSessionFetcher/GTMSessionFetcher.framework",
				"${BUILT_PRODUCTS_DIR}/GoogleUtilities/GoogleUtilities.framework",
				"${BUILT_PRODUCTS_DIR}/leveldb-library/leveldb.framework",
				"${BUILT_PRODUCTS_DIR}/nanopb/nanopb.framework",
			);
			name = "[CP] Embed Pods Frameworks";
			outputFileListPaths = (
			);
			outputPaths = (
				"${TARGET_BUILD_DIR}/${FRAMEWORKS_FOLDER_PATH}/GTMSessionFetcher.framework",
				"${TARGET_BUILD_DIR}/${FRAMEWORKS_FOLDER_PATH}/GoogleUtilities.framework",
				"${TARGET_BUILD_DIR}/${FRAMEWORKS_FOLDER_PATH}/leveldb.framework",
				"${TARGET_BUILD_DIR}/${FRAMEWORKS_FOLDER_PATH}/nanopb.framework",
			);
			runOnlyForDeploymentPostprocessing = 0;
			shellPath = /bin/sh;
			shellScript = "\"${PODS_ROOT}/Target Support Files/Pods-LandmarkRemark-LandmarkRemarkUITests/Pods-LandmarkRemark-LandmarkRemarkUITests-frameworks.sh\"\n";
			showEnvVarsInLog = 0;
		};
		8FED4A107C02FAA878790862 /* [CP] Check Pods Manifest.lock */ = {
			isa = PBXShellScriptBuildPhase;
			buildActionMask = 2147483647;
			files = (
			);
			inputFileListPaths = (
			);
			inputPaths = (
				"${PODS_PODFILE_DIR_PATH}/Podfile.lock",
				"${PODS_ROOT}/Manifest.lock",
			);
			name = "[CP] Check Pods Manifest.lock";
			outputFileListPaths = (
			);
			outputPaths = (
				"$(DERIVED_FILE_DIR)/Pods-LandmarkRemark-LandmarkRemarkUITests-checkManifestLockResult.txt",
			);
			runOnlyForDeploymentPostprocessing = 0;
			shellPath = /bin/sh;
			shellScript = "diff \"${PODS_PODFILE_DIR_PATH}/Podfile.lock\" \"${PODS_ROOT}/Manifest.lock\" > /dev/null\nif [ $? != 0 ] ; then\n    # print error to STDERR\n    echo \"error: The sandbox is not in sync with the Podfile.lock. Run 'pod install' or update your CocoaPods installation.\" >&2\n    exit 1\nfi\n# This output is used by Xcode 'outputs' to avoid re-running this script phase.\necho \"SUCCESS\" > \"${SCRIPT_OUTPUT_FILE_0}\"\n";
			showEnvVarsInLog = 0;
		};
		9BA79AF33DE6B7422B740CD6 /* [CP] Check Pods Manifest.lock */ = {
			isa = PBXShellScriptBuildPhase;
			buildActionMask = 2147483647;
			files = (
			);
			inputFileListPaths = (
			);
			inputPaths = (
				"${PODS_PODFILE_DIR_PATH}/Podfile.lock",
				"${PODS_ROOT}/Manifest.lock",
			);
			name = "[CP] Check Pods Manifest.lock";
			outputFileListPaths = (
			);
			outputPaths = (
				"$(DERIVED_FILE_DIR)/Pods-LandmarkRemarkTests-checkManifestLockResult.txt",
			);
			runOnlyForDeploymentPostprocessing = 0;
			shellPath = /bin/sh;
			shellScript = "diff \"${PODS_PODFILE_DIR_PATH}/Podfile.lock\" \"${PODS_ROOT}/Manifest.lock\" > /dev/null\nif [ $? != 0 ] ; then\n    # print error to STDERR\n    echo \"error: The sandbox is not in sync with the Podfile.lock. Run 'pod install' or update your CocoaPods installation.\" >&2\n    exit 1\nfi\n# This output is used by Xcode 'outputs' to avoid re-running this script phase.\necho \"SUCCESS\" > \"${SCRIPT_OUTPUT_FILE_0}\"\n";
			showEnvVarsInLog = 0;
		};
		CBF97D2922B9F4F900032EC8 /* SwiftLint to guard style */ = {
			isa = PBXShellScriptBuildPhase;
			buildActionMask = 2147483647;
			files = (
			);
			inputFileListPaths = (
			);
			inputPaths = (
			);
			name = "SwiftLint to guard style";
			outputFileListPaths = (
			);
			outputPaths = (
			);
			runOnlyForDeploymentPostprocessing = 0;
			shellPath = /bin/sh;
			shellScript = "# Runs the pod installed swiftlint.\n${PODS_ROOT}/SwiftLint/swiftlint\n";
		};
		E72E7F54BCF39FDA20BAF9E6 /* [CP] Check Pods Manifest.lock */ = {
			isa = PBXShellScriptBuildPhase;
			buildActionMask = 2147483647;
			files = (
			);
			inputFileListPaths = (
			);
			inputPaths = (
				"${PODS_PODFILE_DIR_PATH}/Podfile.lock",
				"${PODS_ROOT}/Manifest.lock",
			);
			name = "[CP] Check Pods Manifest.lock";
			outputFileListPaths = (
			);
			outputPaths = (
				"$(DERIVED_FILE_DIR)/Pods-LandmarkRemark-checkManifestLockResult.txt",
			);
			runOnlyForDeploymentPostprocessing = 0;
			shellPath = /bin/sh;
			shellScript = "diff \"${PODS_PODFILE_DIR_PATH}/Podfile.lock\" \"${PODS_ROOT}/Manifest.lock\" > /dev/null\nif [ $? != 0 ] ; then\n    # print error to STDERR\n    echo \"error: The sandbox is not in sync with the Podfile.lock. Run 'pod install' or update your CocoaPods installation.\" >&2\n    exit 1\nfi\n# This output is used by Xcode 'outputs' to avoid re-running this script phase.\necho \"SUCCESS\" > \"${SCRIPT_OUTPUT_FILE_0}\"\n";
			showEnvVarsInLog = 0;
		};
		EE8C7EDFAD168610C59935DB /* [CP] Embed Pods Frameworks */ = {
			isa = PBXShellScriptBuildPhase;
			buildActionMask = 2147483647;
			files = (
			);
			inputFileListPaths = (
			);
			inputPaths = (
				"${PODS_ROOT}/Target Support Files/Pods-LandmarkRemark/Pods-LandmarkRemark-frameworks.sh",
				"${BUILT_PRODUCTS_DIR}/GTMSessionFetcher/GTMSessionFetcher.framework",
				"${BUILT_PRODUCTS_DIR}/GoogleUtilities/GoogleUtilities.framework",
				"${BUILT_PRODUCTS_DIR}/leveldb-library/leveldb.framework",
				"${BUILT_PRODUCTS_DIR}/nanopb/nanopb.framework",
			);
			name = "[CP] Embed Pods Frameworks";
			outputFileListPaths = (
			);
			outputPaths = (
				"${TARGET_BUILD_DIR}/${FRAMEWORKS_FOLDER_PATH}/GTMSessionFetcher.framework",
				"${TARGET_BUILD_DIR}/${FRAMEWORKS_FOLDER_PATH}/GoogleUtilities.framework",
				"${TARGET_BUILD_DIR}/${FRAMEWORKS_FOLDER_PATH}/leveldb.framework",
				"${TARGET_BUILD_DIR}/${FRAMEWORKS_FOLDER_PATH}/nanopb.framework",
			);
			runOnlyForDeploymentPostprocessing = 0;
			shellPath = /bin/sh;
			shellScript = "\"${PODS_ROOT}/Target Support Files/Pods-LandmarkRemark/Pods-LandmarkRemark-frameworks.sh\"\n";
			showEnvVarsInLog = 0;
		};
/* End PBXShellScriptBuildPhase section */

/* Begin PBXSourcesBuildPhase section */
		CBF97CF422B9F33300032EC8 /* Sources */ = {
			isa = PBXSourcesBuildPhase;
			buildActionMask = 2147483647;
			files = (
				CBCE1B6322BC908600B2F881 /* LandmarkViewController.swift in Sources */,
				CB1B724A22BBB4C100B8542A /* SignupViewModel.swift in Sources */,
				CB1B724F22BBBB1200B8542A /* UITextField+extensions.swift in Sources */,
				CB1B723C22BB086100B8542A /* LoginViewModel.swift in Sources */,
				CBF97D3622BA00BE00032EC8 /* LoginViewController.swift in Sources */,
				CB1B724422BB2DAA00B8542A /* SignupViewController.swift in Sources */,
				CBD2D13322BC9F050031586E /* LandmarkMapViewController.swift in Sources */,
				CBF97CFC22B9F33300032EC8 /* AppDelegate.swift in Sources */,
				CBF97D3322B9FE9A00032EC8 /* User.swift in Sources */,
			);
			runOnlyForDeploymentPostprocessing = 0;
		};
		CBF97D0822B9F33400032EC8 /* Sources */ = {
			isa = PBXSourcesBuildPhase;
			buildActionMask = 2147483647;
			files = (
				CBCE1B6522BC909900B2F881 /* LandmarkViewControllerTests.swift in Sources */,
				CB1B723E22BB087B00B8542A /* LoginViewModelTests.swift in Sources */,
				CBF97D3822BA02A600032EC8 /* LoginViewControllerTests.swift in Sources */,
				CB1B724C22BBB4DE00B8542A /* SignupViewModelTests.swift in Sources */,
				CBF97D3022B9FDE200032EC8 /* UserTests.swift in Sources */,
				CB8E0F1722BBC2B800BBB681 /* UITextFieldExtensionTests.swift in Sources */,
				CBD2D13722BCA1960031586E /* LandmarkMapViewControllerTests.swift in Sources */,
				CB1B724622BB2E5300B8542A /* SignupViewControllerTests.swift in Sources */,
				CB1B724822BB396800B8542A /* BaseTestCase.swift in Sources */,
			);
			runOnlyForDeploymentPostprocessing = 0;
		};
		CBF97D1322B9F33400032EC8 /* Sources */ = {
			isa = PBXSourcesBuildPhase;
			buildActionMask = 2147483647;
			files = (
				CBF97D1C22B9F33400032EC8 /* LandmarkRemarkUITests.swift in Sources */,
			);
			runOnlyForDeploymentPostprocessing = 0;
		};
/* End PBXSourcesBuildPhase section */

/* Begin PBXTargetDependency section */
		CBF97D0E22B9F33400032EC8 /* PBXTargetDependency */ = {
			isa = PBXTargetDependency;
			target = CBF97CF722B9F33300032EC8 /* LandmarkRemark */;
			targetProxy = CBF97D0D22B9F33400032EC8 /* PBXContainerItemProxy */;
		};
		CBF97D1922B9F33400032EC8 /* PBXTargetDependency */ = {
			isa = PBXTargetDependency;
			target = CBF97CF722B9F33300032EC8 /* LandmarkRemark */;
			targetProxy = CBF97D1822B9F33400032EC8 /* PBXContainerItemProxy */;
		};
/* End PBXTargetDependency section */

/* Begin PBXVariantGroup section */
		CBF97CFF22B9F33300032EC8 /* Main.storyboard */ = {
			isa = PBXVariantGroup;
			children = (
				CBF97D0022B9F33300032EC8 /* Base */,
			);
			name = Main.storyboard;
			sourceTree = "<group>";
		};
		CBF97D0422B9F33400032EC8 /* LaunchScreen.storyboard */ = {
			isa = PBXVariantGroup;
			children = (
				CBF97D0522B9F33400032EC8 /* Base */,
			);
			name = LaunchScreen.storyboard;
			sourceTree = "<group>";
		};
/* End PBXVariantGroup section */

/* Begin XCBuildConfiguration section */
		CBF97D1E22B9F33400032EC8 /* Debug */ = {
			isa = XCBuildConfiguration;
			buildSettings = {
				ALWAYS_SEARCH_USER_PATHS = NO;
				CLANG_ANALYZER_NONNULL = YES;
				CLANG_ANALYZER_NUMBER_OBJECT_CONVERSION = YES_AGGRESSIVE;
				CLANG_CXX_LANGUAGE_STANDARD = "gnu++14";
				CLANG_CXX_LIBRARY = "libc++";
				CLANG_ENABLE_MODULES = YES;
				CLANG_ENABLE_OBJC_ARC = YES;
				CLANG_ENABLE_OBJC_WEAK = YES;
				CLANG_WARN_BLOCK_CAPTURE_AUTORELEASING = YES;
				CLANG_WARN_BOOL_CONVERSION = YES;
				CLANG_WARN_COMMA = YES;
				CLANG_WARN_CONSTANT_CONVERSION = YES;
				CLANG_WARN_DEPRECATED_OBJC_IMPLEMENTATIONS = YES;
				CLANG_WARN_DIRECT_OBJC_ISA_USAGE = YES_ERROR;
				CLANG_WARN_DOCUMENTATION_COMMENTS = YES;
				CLANG_WARN_EMPTY_BODY = YES;
				CLANG_WARN_ENUM_CONVERSION = YES;
				CLANG_WARN_INFINITE_RECURSION = YES;
				CLANG_WARN_INT_CONVERSION = YES;
				CLANG_WARN_NON_LITERAL_NULL_CONVERSION = YES;
				CLANG_WARN_OBJC_IMPLICIT_RETAIN_SELF = YES;
				CLANG_WARN_OBJC_LITERAL_CONVERSION = YES;
				CLANG_WARN_OBJC_ROOT_CLASS = YES_ERROR;
				CLANG_WARN_RANGE_LOOP_ANALYSIS = YES;
				CLANG_WARN_STRICT_PROTOTYPES = YES;
				CLANG_WARN_SUSPICIOUS_MOVE = YES;
				CLANG_WARN_UNGUARDED_AVAILABILITY = YES_AGGRESSIVE;
				CLANG_WARN_UNREACHABLE_CODE = YES;
				CLANG_WARN__DUPLICATE_METHOD_MATCH = YES;
				CODE_SIGN_IDENTITY = "iPhone Developer";
				COPY_PHASE_STRIP = NO;
				DEBUG_INFORMATION_FORMAT = dwarf;
				ENABLE_STRICT_OBJC_MSGSEND = YES;
				ENABLE_TESTABILITY = YES;
				GCC_C_LANGUAGE_STANDARD = gnu11;
				GCC_DYNAMIC_NO_PIC = NO;
				GCC_NO_COMMON_BLOCKS = YES;
				GCC_OPTIMIZATION_LEVEL = 0;
				GCC_PREPROCESSOR_DEFINITIONS = (
					"DEBUG=1",
					"$(inherited)",
				);
				GCC_WARN_64_TO_32_BIT_CONVERSION = YES;
				GCC_WARN_ABOUT_RETURN_TYPE = YES_ERROR;
				GCC_WARN_UNDECLARED_SELECTOR = YES;
				GCC_WARN_UNINITIALIZED_AUTOS = YES_AGGRESSIVE;
				GCC_WARN_UNUSED_FUNCTION = YES;
				GCC_WARN_UNUSED_VARIABLE = YES;
				IPHONEOS_DEPLOYMENT_TARGET = 12.2;
				MTL_ENABLE_DEBUG_INFO = INCLUDE_SOURCE;
				MTL_FAST_MATH = YES;
				ONLY_ACTIVE_ARCH = YES;
				SDKROOT = iphoneos;
				SWIFT_ACTIVE_COMPILATION_CONDITIONS = DEBUG;
				SWIFT_OPTIMIZATION_LEVEL = "-Onone";
			};
			name = Debug;
		};
		CBF97D1F22B9F33400032EC8 /* Release */ = {
			isa = XCBuildConfiguration;
			buildSettings = {
				ALWAYS_SEARCH_USER_PATHS = NO;
				CLANG_ANALYZER_NONNULL = YES;
				CLANG_ANALYZER_NUMBER_OBJECT_CONVERSION = YES_AGGRESSIVE;
				CLANG_CXX_LANGUAGE_STANDARD = "gnu++14";
				CLANG_CXX_LIBRARY = "libc++";
				CLANG_ENABLE_MODULES = YES;
				CLANG_ENABLE_OBJC_ARC = YES;
				CLANG_ENABLE_OBJC_WEAK = YES;
				CLANG_WARN_BLOCK_CAPTURE_AUTORELEASING = YES;
				CLANG_WARN_BOOL_CONVERSION = YES;
				CLANG_WARN_COMMA = YES;
				CLANG_WARN_CONSTANT_CONVERSION = YES;
				CLANG_WARN_DEPRECATED_OBJC_IMPLEMENTATIONS = YES;
				CLANG_WARN_DIRECT_OBJC_ISA_USAGE = YES_ERROR;
				CLANG_WARN_DOCUMENTATION_COMMENTS = YES;
				CLANG_WARN_EMPTY_BODY = YES;
				CLANG_WARN_ENUM_CONVERSION = YES;
				CLANG_WARN_INFINITE_RECURSION = YES;
				CLANG_WARN_INT_CONVERSION = YES;
				CLANG_WARN_NON_LITERAL_NULL_CONVERSION = YES;
				CLANG_WARN_OBJC_IMPLICIT_RETAIN_SELF = YES;
				CLANG_WARN_OBJC_LITERAL_CONVERSION = YES;
				CLANG_WARN_OBJC_ROOT_CLASS = YES_ERROR;
				CLANG_WARN_RANGE_LOOP_ANALYSIS = YES;
				CLANG_WARN_STRICT_PROTOTYPES = YES;
				CLANG_WARN_SUSPICIOUS_MOVE = YES;
				CLANG_WARN_UNGUARDED_AVAILABILITY = YES_AGGRESSIVE;
				CLANG_WARN_UNREACHABLE_CODE = YES;
				CLANG_WARN__DUPLICATE_METHOD_MATCH = YES;
				CODE_SIGN_IDENTITY = "iPhone Developer";
				COPY_PHASE_STRIP = NO;
				DEBUG_INFORMATION_FORMAT = "dwarf-with-dsym";
				ENABLE_NS_ASSERTIONS = NO;
				ENABLE_STRICT_OBJC_MSGSEND = YES;
				GCC_C_LANGUAGE_STANDARD = gnu11;
				GCC_NO_COMMON_BLOCKS = YES;
				GCC_WARN_64_TO_32_BIT_CONVERSION = YES;
				GCC_WARN_ABOUT_RETURN_TYPE = YES_ERROR;
				GCC_WARN_UNDECLARED_SELECTOR = YES;
				GCC_WARN_UNINITIALIZED_AUTOS = YES_AGGRESSIVE;
				GCC_WARN_UNUSED_FUNCTION = YES;
				GCC_WARN_UNUSED_VARIABLE = YES;
				IPHONEOS_DEPLOYMENT_TARGET = 12.2;
				MTL_ENABLE_DEBUG_INFO = NO;
				MTL_FAST_MATH = YES;
				SDKROOT = iphoneos;
				SWIFT_COMPILATION_MODE = wholemodule;
				SWIFT_OPTIMIZATION_LEVEL = "-O";
				VALIDATE_PRODUCT = YES;
			};
			name = Release;
		};
		CBF97D2122B9F33400032EC8 /* Debug */ = {
			isa = XCBuildConfiguration;
			baseConfigurationReference = 81F704F77F5920EA7C1EBD28 /* Pods-LandmarkRemark.debug.xcconfig */;
			buildSettings = {
				ASSETCATALOG_COMPILER_APPICON_NAME = AppIcon;
				CODE_SIGN_STYLE = Automatic;
				DEVELOPMENT_TEAM = 5U8WFJ5LAS;
				INFOPLIST_FILE = LandmarkRemark/Info.plist;
				LD_RUNPATH_SEARCH_PATHS = (
					"$(inherited)",
					"@executable_path/Frameworks",
				);
				PRODUCT_BUNDLE_IDENTIFIER = com.lamsaitat.tigerspike.LandmarkRemark;
				PRODUCT_NAME = "$(TARGET_NAME)";
				SWIFT_VERSION = 5.0;
				TARGETED_DEVICE_FAMILY = "1,2";
			};
			name = Debug;
		};
		CBF97D2222B9F33400032EC8 /* Release */ = {
			isa = XCBuildConfiguration;
			baseConfigurationReference = 51608CAE09BF90E95016E1FA /* Pods-LandmarkRemark.release.xcconfig */;
			buildSettings = {
				ASSETCATALOG_COMPILER_APPICON_NAME = AppIcon;
				CODE_SIGN_STYLE = Automatic;
				DEVELOPMENT_TEAM = 5U8WFJ5LAS;
				INFOPLIST_FILE = LandmarkRemark/Info.plist;
				LD_RUNPATH_SEARCH_PATHS = (
					"$(inherited)",
					"@executable_path/Frameworks",
				);
				PRODUCT_BUNDLE_IDENTIFIER = com.lamsaitat.tigerspike.LandmarkRemark;
				PRODUCT_NAME = "$(TARGET_NAME)";
				SWIFT_VERSION = 5.0;
				TARGETED_DEVICE_FAMILY = "1,2";
			};
			name = Release;
		};
		CBF97D2422B9F33400032EC8 /* Debug */ = {
			isa = XCBuildConfiguration;
			baseConfigurationReference = BF5A514A4D1F857000283B92 /* Pods-LandmarkRemarkTests.debug.xcconfig */;
			buildSettings = {
				ALWAYS_EMBED_SWIFT_STANDARD_LIBRARIES = YES;
				BUNDLE_LOADER = "$(TEST_HOST)";
				CODE_SIGN_STYLE = Automatic;
				DEVELOPMENT_TEAM = 5U8WFJ5LAS;
				INFOPLIST_FILE = LandmarkRemarkTests/Info.plist;
				LD_RUNPATH_SEARCH_PATHS = (
					"$(inherited)",
					"@executable_path/Frameworks",
					"@loader_path/Frameworks",
				);
				PRODUCT_BUNDLE_IDENTIFIER = com.lamsaitat.tigerspike.LandmarkRemarkTests;
				PRODUCT_NAME = "$(TARGET_NAME)";
				SWIFT_VERSION = 5.0;
				TARGETED_DEVICE_FAMILY = "1,2";
				TEST_HOST = "$(BUILT_PRODUCTS_DIR)/LandmarkRemark.app/LandmarkRemark";
			};
			name = Debug;
		};
		CBF97D2522B9F33400032EC8 /* Release */ = {
			isa = XCBuildConfiguration;
			baseConfigurationReference = 91ADE2DB4003E6B3ADFFC405 /* Pods-LandmarkRemarkTests.release.xcconfig */;
			buildSettings = {
				ALWAYS_EMBED_SWIFT_STANDARD_LIBRARIES = YES;
				BUNDLE_LOADER = "$(TEST_HOST)";
				CODE_SIGN_STYLE = Automatic;
				DEVELOPMENT_TEAM = 5U8WFJ5LAS;
				INFOPLIST_FILE = LandmarkRemarkTests/Info.plist;
				LD_RUNPATH_SEARCH_PATHS = (
					"$(inherited)",
					"@executable_path/Frameworks",
					"@loader_path/Frameworks",
				);
				PRODUCT_BUNDLE_IDENTIFIER = com.lamsaitat.tigerspike.LandmarkRemarkTests;
				PRODUCT_NAME = "$(TARGET_NAME)";
				SWIFT_VERSION = 5.0;
				TARGETED_DEVICE_FAMILY = "1,2";
				TEST_HOST = "$(BUILT_PRODUCTS_DIR)/LandmarkRemark.app/LandmarkRemark";
			};
			name = Release;
		};
		CBF97D2722B9F33400032EC8 /* Debug */ = {
			isa = XCBuildConfiguration;
			baseConfigurationReference = 1249C53AEF549B55943E99A7 /* Pods-LandmarkRemark-LandmarkRemarkUITests.debug.xcconfig */;
			buildSettings = {
				ALWAYS_EMBED_SWIFT_STANDARD_LIBRARIES = YES;
				CODE_SIGN_STYLE = Automatic;
				DEVELOPMENT_TEAM = 5U8WFJ5LAS;
				INFOPLIST_FILE = LandmarkRemarkUITests/Info.plist;
				LD_RUNPATH_SEARCH_PATHS = (
					"$(inherited)",
					"@executable_path/Frameworks",
					"@loader_path/Frameworks",
				);
				PRODUCT_BUNDLE_IDENTIFIER = com.lamsaitat.tigerspike.LandmarkRemarkUITests;
				PRODUCT_NAME = "$(TARGET_NAME)";
				SWIFT_VERSION = 5.0;
				TARGETED_DEVICE_FAMILY = "1,2";
				TEST_TARGET_NAME = LandmarkRemark;
			};
			name = Debug;
		};
		CBF97D2822B9F33400032EC8 /* Release */ = {
			isa = XCBuildConfiguration;
			baseConfigurationReference = 39406D15B70F0832F8962AF4 /* Pods-LandmarkRemark-LandmarkRemarkUITests.release.xcconfig */;
			buildSettings = {
				ALWAYS_EMBED_SWIFT_STANDARD_LIBRARIES = YES;
				CODE_SIGN_STYLE = Automatic;
				DEVELOPMENT_TEAM = 5U8WFJ5LAS;
				INFOPLIST_FILE = LandmarkRemarkUITests/Info.plist;
				LD_RUNPATH_SEARCH_PATHS = (
					"$(inherited)",
					"@executable_path/Frameworks",
					"@loader_path/Frameworks",
				);
				PRODUCT_BUNDLE_IDENTIFIER = com.lamsaitat.tigerspike.LandmarkRemarkUITests;
				PRODUCT_NAME = "$(TARGET_NAME)";
				SWIFT_VERSION = 5.0;
				TARGETED_DEVICE_FAMILY = "1,2";
				TEST_TARGET_NAME = LandmarkRemark;
			};
			name = Release;
		};
/* End XCBuildConfiguration section */

/* Begin XCConfigurationList section */
		CBF97CF322B9F33300032EC8 /* Build configuration list for PBXProject "LandmarkRemark" */ = {
			isa = XCConfigurationList;
			buildConfigurations = (
				CBF97D1E22B9F33400032EC8 /* Debug */,
				CBF97D1F22B9F33400032EC8 /* Release */,
			);
			defaultConfigurationIsVisible = 0;
			defaultConfigurationName = Release;
		};
		CBF97D2022B9F33400032EC8 /* Build configuration list for PBXNativeTarget "LandmarkRemark" */ = {
			isa = XCConfigurationList;
			buildConfigurations = (
				CBF97D2122B9F33400032EC8 /* Debug */,
				CBF97D2222B9F33400032EC8 /* Release */,
			);
			defaultConfigurationIsVisible = 0;
			defaultConfigurationName = Release;
		};
		CBF97D2322B9F33400032EC8 /* Build configuration list for PBXNativeTarget "LandmarkRemarkTests" */ = {
			isa = XCConfigurationList;
			buildConfigurations = (
				CBF97D2422B9F33400032EC8 /* Debug */,
				CBF97D2522B9F33400032EC8 /* Release */,
			);
			defaultConfigurationIsVisible = 0;
			defaultConfigurationName = Release;
		};
		CBF97D2622B9F33400032EC8 /* Build configuration list for PBXNativeTarget "LandmarkRemarkUITests" */ = {
			isa = XCConfigurationList;
			buildConfigurations = (
				CBF97D2722B9F33400032EC8 /* Debug */,
				CBF97D2822B9F33400032EC8 /* Release */,
			);
			defaultConfigurationIsVisible = 0;
			defaultConfigurationName = Release;
		};
/* End XCConfigurationList section */
	};
	rootObject = CBF97CF022B9F33300032EC8 /* Project object */;
}
